
Microsoft Visual Studio Solution File, Format Version 12.00
# Visual Studio 15
VisualStudioVersion = 15.0.26124.0
MinimumVisualStudioVersion = 15.0.26124.0
Project("{FAE04EC0-301F-11D3-BF4B-00C04F79EFBC}") = "Domain", "Domain\Domain.csproj", "{2532DBCF-DD51-4C4B-BC9A-136C4D9B38E4}"
EndProject
Project("{FAE04EC0-301F-11D3-BF4B-00C04F79EFBC}") = "Application", "Application\Application.csproj", "{99E68CDD-D018-4A58-A04A-9A4B7B3998CE}"
EndProject
Project("{FAE04EC0-301F-11D3-BF4B-00C04F79EFBC}") = "Persistence", "Persistence\Persistence.csproj", "{603554F5-32CB-41BB-9B32-CF23B04CB2ED}"
EndProject
Project("{FAE04EC0-301F-11D3-BF4B-00C04F79EFBC}") = "API", "API\API.csproj", "{FFDE6464-98E0-492D-9F56-0B8B4A742F37}"
EndProject
Global
	GlobalSection(SolutionConfigurationPlatforms) = preSolution
		Debug|Any CPU = Debug|Any CPU
		Debug|x64 = Debug|x64
		Debug|x86 = Debug|x86
		Release|Any CPU = Release|Any CPU
		Release|x64 = Release|x64
		Release|x86 = Release|x86
	EndGlobalSection
	GlobalSection(SolutionProperties) = preSolution
		HideSolutionNode = FALSE
	EndGlobalSection
	GlobalSection(ProjectConfigurationPlatforms) = postSolution
		{2532DBCF-DD51-4C4B-BC9A-136C4D9B38E4}.Debug|Any CPU.ActiveCfg = Debug|Any CPU
		{2532DBCF-DD51-4C4B-BC9A-136C4D9B38E4}.Debug|Any CPU.Build.0 = Debug|Any CPU
		{2532DBCF-DD51-4C4B-BC9A-136C4D9B38E4}.Debug|x64.ActiveCfg = Debug|Any CPU
		{2532DBCF-DD51-4C4B-BC9A-136C4D9B38E4}.Debug|x64.Build.0 = Debug|Any CPU
		{2532DBCF-DD51-4C4B-BC9A-136C4D9B38E4}.Debug|x86.ActiveCfg = Debug|Any CPU
		{2532DBCF-DD51-4C4B-BC9A-136C4D9B38E4}.Debug|x86.Build.0 = Debug|Any CPU
		{2532DBCF-DD51-4C4B-BC9A-136C4D9B38E4}.Release|Any CPU.ActiveCfg = Release|Any CPU
		{2532DBCF-DD51-4C4B-BC9A-136C4D9B38E4}.Release|Any CPU.Build.0 = Release|Any CPU
		{2532DBCF-DD51-4C4B-BC9A-136C4D9B38E4}.Release|x64.ActiveCfg = Release|Any CPU
		{2532DBCF-DD51-4C4B-BC9A-136C4D9B38E4}.Release|x64.Build.0 = Release|Any CPU
		{2532DBCF-DD51-4C4B-BC9A-136C4D9B38E4}.Release|x86.ActiveCfg = Release|Any CPU
		{2532DBCF-DD51-4C4B-BC9A-136C4D9B38E4}.Release|x86.Build.0 = Release|Any CPU
		{99E68CDD-D018-4A58-A04A-9A4B7B3998CE}.Debug|Any CPU.ActiveCfg = Debug|Any CPU
		{99E68CDD-D018-4A58-A04A-9A4B7B3998CE}.Debug|Any CPU.Build.0 = Debug|Any CPU
		{99E68CDD-D018-4A58-A04A-9A4B7B3998CE}.Debug|x64.ActiveCfg = Debug|Any CPU
		{99E68CDD-D018-4A58-A04A-9A4B7B3998CE}.Debug|x64.Build.0 = Debug|Any CPU
		{99E68CDD-D018-4A58-A04A-9A4B7B3998CE}.Debug|x86.ActiveCfg = Debug|Any CPU
		{99E68CDD-D018-4A58-A04A-9A4B7B3998CE}.Debug|x86.Build.0 = Debug|Any CPU
		{99E68CDD-D018-4A58-A04A-9A4B7B3998CE}.Release|Any CPU.ActiveCfg = Release|Any CPU
		{99E68CDD-D018-4A58-A04A-9A4B7B3998CE}.Release|Any CPU.Build.0 = Release|Any CPU
		{99E68CDD-D018-4A58-A04A-9A4B7B3998CE}.Release|x64.ActiveCfg = Release|Any CPU
		{99E68CDD-D018-4A58-A04A-9A4B7B3998CE}.Release|x64.Build.0 = Release|Any CPU
		{99E68CDD-D018-4A58-A04A-9A4B7B3998CE}.Release|x86.ActiveCfg = Release|Any CPU
		{99E68CDD-D018-4A58-A04A-9A4B7B3998CE}.Release|x86.Build.0 = Release|Any CPU
		{603554F5-32CB-41BB-9B32-CF23B04CB2ED}.Debug|Any CPU.ActiveCfg = Debug|Any CPU
		{603554F5-32CB-41BB-9B32-CF23B04CB2ED}.Debug|Any CPU.Build.0 = Debug|Any CPU
		{603554F5-32CB-41BB-9B32-CF23B04CB2ED}.Debug|x64.ActiveCfg = Debug|Any CPU
		{603554F5-32CB-41BB-9B32-CF23B04CB2ED}.Debug|x64.Build.0 = Debug|Any CPU
		{603554F5-32CB-41BB-9B32-CF23B04CB2ED}.Debug|x86.ActiveCfg = Debug|Any CPU
		{603554F5-32CB-41BB-9B32-CF23B04CB2ED}.Debug|x86.Build.0 = Debug|Any CPU
		{603554F5-32CB-41BB-9B32-CF23B04CB2ED}.Release|Any CPU.ActiveCfg = Release|Any CPU
		{603554F5-32CB-41BB-9B32-CF23B04CB2ED}.Release|Any CPU.Build.0 = Release|Any CPU
		{603554F5-32CB-41BB-9B32-CF23B04CB2ED}.Release|x64.ActiveCfg = Release|Any CPU
		{603554F5-32CB-41BB-9B32-CF23B04CB2ED}.Release|x64.Build.0 = Release|Any CPU
		{603554F5-32CB-41BB-9B32-CF23B04CB2ED}.Release|x86.ActiveCfg = Release|Any CPU
		{603554F5-32CB-41BB-9B32-CF23B04CB2ED}.Release|x86.Build.0 = Release|Any CPU
		{FFDE6464-98E0-492D-9F56-0B8B4A742F37}.Debug|Any CPU.ActiveCfg = Debug|Any CPU
		{FFDE6464-98E0-492D-9F56-0B8B4A742F37}.Debug|Any CPU.Build.0 = Debug|Any CPU
		{FFDE6464-98E0-492D-9F56-0B8B4A742F37}.Debug|x64.ActiveCfg = Debug|Any CPU
		{FFDE6464-98E0-492D-9F56-0B8B4A742F37}.Debug|x64.Build.0 = Debug|Any CPU
		{FFDE6464-98E0-492D-9F56-0B8B4A742F37}.Debug|x86.ActiveCfg = Debug|Any CPU
		{FFDE6464-98E0-492D-9F56-0B8B4A742F37}.Debug|x86.Build.0 = Debug|Any CPU
		{FFDE6464-98E0-492D-9F56-0B8B4A742F37}.Release|Any CPU.ActiveCfg = Release|Any CPU
		{FFDE6464-98E0-492D-9F56-0B8B4A742F37}.Release|Any CPU.Build.0 = Release|Any CPU
		{FFDE6464-98E0-492D-9F56-0B8B4A742F37}.Release|x64.ActiveCfg = Release|Any CPU
		{FFDE6464-98E0-492D-9F56-0B8B4A742F37}.Release|x64.Build.0 = Release|Any CPU
		{FFDE6464-98E0-492D-9F56-0B8B4A742F37}.Release|x86.ActiveCfg = Release|Any CPU
		{FFDE6464-98E0-492D-9F56-0B8B4A742F37}.Release|x86.Build.0 = Release|Any CPU
	EndGlobalSection
EndGlobal
